# THIS IS AN AUTOGENERATED FILE. DO NOT EDIT THIS FILE DIRECTLY.
# yarn lockfile v1


"@bazel/bazel-darwin_x64@2.1.0":
  version "2.1.0"
  resolved "https://registry.yarnpkg.com/@bazel/bazel-darwin_x64/-/bazel-darwin_x64-2.1.0.tgz#c36c37080841618f142996884f07ac0e3d6a9598"
  integrity sha512-9waB/6UT6JmQh8qxlRK9IfSY4Ef+4iGwy5eYK2hoc1zXYDnnZoZoC4eXiq68cWTpyCcT7SNGEb9B3wL5Y5rA9A==

"@bazel/bazel-linux_x64@2.1.0":
  version "2.1.0"
  resolved "https://registry.yarnpkg.com/@bazel/bazel-linux_x64/-/bazel-linux_x64-2.1.0.tgz#3185cc3d2533641d6a539bf613247d628425ebf0"
  integrity sha512-ag6ZwYMJblf1YuPhNRAMyCYf164mY8jhdIwPSVFI1CMiBRnSDJBkSg7rVIczPh+8Gp7TDqAno9MMTnfUXzxogA==

"@bazel/bazel-win32_x64@2.1.0":
  version "2.1.0"
  resolved "https://registry.yarnpkg.com/@bazel/bazel-win32_x64/-/bazel-win32_x64-2.1.0.tgz#013960fe506ddb8dc08f5d54b52420c818eb4264"
  integrity sha512-Y6cs3frmCqoAsrDmEp0msyS8VYE13JvjVoyvdIXTOh5Cc4fOeWzSPb02VS08asaV1jCnOQbv15Ud286hcxAvxg==

"@bazel/bazel@^2.1.0":
  version "2.1.0"
  resolved "https://registry.yarnpkg.com/@bazel/bazel/-/bazel-2.1.0.tgz#25a4d3b4171bfb637374133d29878bbcb36b4c92"
  integrity sha512-3Dhs0uJ69ImqC+VIRcifnptPXytxCNWHqyTMFYf0F5AJCVHHW7uRE0tt3Vhm5BseFpdOsjqcghgxGzR/yo10qw==
  dependencies:
    "@bazel/hide-bazel-files" latest
  optionalDependencies:
    "@bazel/bazel-darwin_x64" "2.1.0"
    "@bazel/bazel-linux_x64" "2.1.0"
    "@bazel/bazel-win32_x64" "2.1.0"

"@bazel/bazelisk@^1.6.1":
  version "1.6.1"
  resolved "https://registry.yarnpkg.com/@bazel/bazelisk/-/bazelisk-1.6.1.tgz#f9e279d2fecaf6cec6ed676bc8714846f3704e40"
  integrity sha512-2JpfZb6eYCGrdLdUJamncIpI4pgEAhPURYGg+rCgqoZDJxzADuOnpf/00dEBXPM2XByXNXTqsKEFN2gTaZz2mA==

"@bazel/hide-bazel-files@latest":
  version "1.7.0"
  resolved "https://registry.yarnpkg.com/@bazel/hide-bazel-files/-/hide-bazel-files-1.7.0.tgz#7cb140c23c4269d6464c24be0a2acf0241d2a31d"
  integrity sha512-pvdyRX/EsU8n+oElFb+OZ9i5M48HNFR+Z4D3vc0qDGiJ8oly9fZcUb2gbw4CzyeovJz0IzjSxjqMS6cp5gKoeg==

"@bazel/ibazel@^0.13.2":
  version "0.13.2"
  resolved "https://registry.yarnpkg.com/@bazel/ibazel/-/ibazel-0.13.2.tgz#eb914c41c66af4606db786457a7b130634355e8f"
  integrity sha512-q5fGwjTY76MLNcYpF2zEu/y1Clu4DjdjhvJM9+yDKc3+3mBlbX+uiMJYiCz5b0oSYdJTlw1QSRptTYA7CID8EQ==

"@bazel/rollup@^2.2.0":
  version "2.2.0"
  resolved "https://registry.yarnpkg.com/@bazel/rollup/-/rollup-2.2.0.tgz#15651d545114e08db056f10a1eeaa4e76fc4df56"
  integrity sha512-N4SyrvFkdAVc24CqFNhDtrR6P3XJTdPGziCuF7QM/BGihnsGlxF6+Dt2n5BTLJnObiB1St8vtRwCtAY8faxYWQ==

"@bazel/typescript@^2.2.0":
  version "2.2.0"
  resolved "https://registry.yarnpkg.com/@bazel/typescript/-/typescript-2.2.0.tgz#f2d3dce8715d574fe3146f19fdb8479abcc4d608"
  integrity sha512-Thf8pXntBzE3EvJtyiTBNsfIf1QnYmGPQmUSGLcKUuuFoplUVYShMRHaxBoPZmYsnD/x+BFLgUKIzlXiEQpGqQ==
  dependencies:
    protobufjs "6.8.8"
    semver "5.6.0"
    source-map-support "0.5.9"
    tsutils "2.27.2"

"@protobufjs/aspromise@^1.1.1", "@protobufjs/aspromise@^1.1.2":
  version "1.1.2"
  resolved "https://registry.yarnpkg.com/@protobufjs/aspromise/-/aspromise-1.1.2.tgz#9b8b0cc663d669a7d8f6f5d0893a14d348f30fbf"
  integrity sha1-m4sMxmPWaafY9vXQiToU00jzD78=

"@protobufjs/base64@^1.1.2":
  version "1.1.2"
  resolved "https://registry.yarnpkg.com/@protobufjs/base64/-/base64-1.1.2.tgz#4c85730e59b9a1f1f349047dbf24296034bb2735"
  integrity sha512-AZkcAA5vnN/v4PDqKyMR5lx7hZttPDgClv83E//FMNhR2TMcLUhfRUBHCmSl0oi9zMgDDqRUJkSxO3wm85+XLg==

"@protobufjs/codegen@^2.0.4":
  version "2.0.4"
  resolved "https://registry.yarnpkg.com/@protobufjs/codegen/-/codegen-2.0.4.tgz#7ef37f0d010fb028ad1ad59722e506d9262815cb"
  integrity sha512-YyFaikqM5sH0ziFZCN3xDC7zeGaB/d0IUb9CATugHWbd1FRFwWwt4ld4OYMPWu5a3Xe01mGAULCdqhMlPl29Jg==

"@protobufjs/eventemitter@^1.1.0":
  version "1.1.0"
  resolved "https://registry.yarnpkg.com/@protobufjs/eventemitter/-/eventemitter-1.1.0.tgz#355cbc98bafad5978f9ed095f397621f1d066b70"
  integrity sha1-NVy8mLr61ZePntCV85diHx0Ga3A=

"@protobufjs/fetch@^1.1.0":
  version "1.1.0"
  resolved "https://registry.yarnpkg.com/@protobufjs/fetch/-/fetch-1.1.0.tgz#ba99fb598614af65700c1619ff06d454b0d84c45"
  integrity sha1-upn7WYYUr2VwDBYZ/wbUVLDYTEU=
  dependencies:
    "@protobufjs/aspromise" "^1.1.1"
    "@protobufjs/inquire" "^1.1.0"

"@protobufjs/float@^1.0.2":
  version "1.0.2"
  resolved "https://registry.yarnpkg.com/@protobufjs/float/-/float-1.0.2.tgz#5e9e1abdcb73fc0a7cb8b291df78c8cbd97b87d1"
  integrity sha1-Xp4avctz/Ap8uLKR33jIy9l7h9E=

"@protobufjs/inquire@^1.1.0":
  version "1.1.0"
  resolved "https://registry.yarnpkg.com/@protobufjs/inquire/-/inquire-1.1.0.tgz#ff200e3e7cf2429e2dcafc1140828e8cc638f089"
  integrity sha1-/yAOPnzyQp4tyvwRQIKOjMY48Ik=

"@protobufjs/path@^1.1.2":
  version "1.1.2"
  resolved "https://registry.yarnpkg.com/@protobufjs/path/-/path-1.1.2.tgz#6cc2b20c5c9ad6ad0dccfd21ca7673d8d7fbf68d"
  integrity sha1-bMKyDFya1q0NzP0hynZz2Nf79o0=

"@protobufjs/pool@^1.1.0":
  version "1.1.0"
  resolved "https://registry.yarnpkg.com/@protobufjs/pool/-/pool-1.1.0.tgz#09fd15f2d6d3abfa9b65bc366506d6ad7846ff54"
  integrity sha1-Cf0V8tbTq/qbZbw2ZQbWrXhG/1Q=

"@protobufjs/utf8@^1.1.0":
  version "1.1.0"
  resolved "https://registry.yarnpkg.com/@protobufjs/utf8/-/utf8-1.1.0.tgz#a777360b5b39a1a2e5106f8e858f2fd2d060c570"
  integrity sha1-p3c2C1s5oaLlEG+OhY8v0tBgxXA=

"@types/long@^4.0.0":
  version "4.0.1"
  resolved "https://registry.yarnpkg.com/@types/long/-/long-4.0.1.tgz#459c65fa1867dafe6a8f322c4c51695663cc55e9"
  integrity sha512-5tXH6Bx/kNGd3MgffdmP4dy2Z+G4eaXw0SE81Tq3BNadtnMR5/ySMzX4SLEzHJzSmPNn4HIdpQsBvXMUykr58w==

"@types/node@^10.1.0":
  version "10.17.37"
  resolved "https://registry.yarnpkg.com/@types/node/-/node-10.17.37.tgz#40d03db879993799c3819e298b003f055e8ecafe"
  integrity sha512-4c38N7p9k9yqdcANh/WExTahkBgOTmggCyrTvVcbE8ByqO3g8evt/407v/I4X/gdfUkIyZBSQh/Rc3tvuwlVGw==

buffer-from@^1.0.0:
  version "1.1.1"
  resolved "https://registry.yarnpkg.com/buffer-from/-/buffer-from-1.1.1.tgz#32713bc028f75c02fdb710d7c7bcec1f2c6070ef"
  integrity sha512-MQcXEUbCKtEo7bhqEs6560Hyd4XaovZlO/k9V3hjVUF/zwW7KBVdSK4gIt/bzwS9MbR5qob+F5jusZsb0YQK2A==

fsevents@~2.1.2:
  version "2.1.3"
  resolved "https://registry.yarnpkg.com/fsevents/-/fsevents-2.1.3.tgz#fb738703ae8d2f9fe900c33836ddebee8b97f23e"
  integrity sha512-Auw9a4AxqWpa9GUfj370BMPzzyncfBABW8Mab7BGWBYDj4Isgq+cDKtx0i6u9jcX9pQDnswsaaOTgTmA5pEjuQ==

long@^4.0.0:
  version "4.0.0"
  resolved "https://registry.yarnpkg.com/long/-/long-4.0.0.tgz#9a7b71cfb7d361a194ea555241c92f7468d5bf28"
  integrity sha512-XsP+KhQif4bjX1kbuSiySJFNAehNxgLb6hPRGJ9QsUr8ajHkuXGdrHmFUTUUXhDwVX2R5bY4JNZEwbUiMhV+MA==

protobufjs@6.8.8:
  version "6.8.8"
  resolved "https://registry.yarnpkg.com/protobufjs/-/protobufjs-6.8.8.tgz#c8b4f1282fd7a90e6f5b109ed11c84af82908e7c"
  integrity sha512-AAmHtD5pXgZfi7GMpllpO3q1Xw1OYldr+dMUlAnffGTAhqkg72WdmSY71uKBF/JuyiKs8psYbtKrhi0ASCD8qw==
  dependencies:
    "@protobufjs/aspromise" "^1.1.2"
    "@protobufjs/base64" "^1.1.2"
    "@protobufjs/codegen" "^2.0.4"
    "@protobufjs/eventemitter" "^1.1.0"
    "@protobufjs/fetch" "^1.1.0"
    "@protobufjs/float" "^1.0.2"
    "@protobufjs/inquire" "^1.1.0"
    "@protobufjs/path" "^1.1.2"
    "@protobufjs/pool" "^1.1.0"
    "@protobufjs/utf8" "^1.1.0"
    "@types/long" "^4.0.0"
    "@types/node" "^10.1.0"
    long "^4.0.0"

rollup@^2.28.2:
  version "2.28.2"
  resolved "https://registry.yarnpkg.com/rollup/-/rollup-2.28.2.tgz#599ec4978144a82d8a8ec3d37670a8440cb04e4b"
  integrity sha512-8txbsFBFLmm9Xdt4ByTOGa9Muonmc8MfNjnGAR8U8scJlF1ZW7AgNZa7aqBXaKtlvnYP/ab++fQIq9dB9NWUbg==
  optionalDependencies:
    fsevents "~2.1.2"

semver@5.6.0:
  version "5.6.0"
  resolved "https://registry.yarnpkg.com/semver/-/semver-5.6.0.tgz#7e74256fbaa49c75aa7c7a205cc22799cac80004"
  integrity sha512-RS9R6R35NYgQn++fkDWaOmqGoj4Ek9gGs+DPxNUZKuwE183xjJroKvyo1IzVFeXvUrvmALy6FWD5xrdJT25gMg==

source-map-support@0.5.9:
  version "0.5.9"
  resolved "https://registry.yarnpkg.com/source-map-support/-/source-map-support-0.5.9.tgz#41bc953b2534267ea2d605bccfa7bfa3111ced5f"
  integrity sha512-gR6Rw4MvUlYy83vP0vxoVNzM6t8MUXqNuRsuBmBHQDu1Fh6X015FrLdgoDKcNdkwGubozq0P4N0Q37UyFVr1EA==
  dependencies:
    buffer-from "^1.0.0"
    source-map "^0.6.0"

source-map@^0.6.0:
  version "0.6.1"
  resolved "https://registry.yarnpkg.com/source-map/-/source-map-0.6.1.tgz#74722af32e9614e9c287a8d0bbde48b5e2f1a263"
  integrity sha512-UjgapumWlbMhkBgzT7Ykc5YXUT46F0iKu8SGXq0bcwP5dz/h0Plj6enJqjz1Zbq2l5WaqYnrVbwWOWMyF3F47g==

tslib@^1.8.1:
  version "1.14.0"
  resolved "https://registry.yarnpkg.com/tslib/-/tslib-1.14.0.tgz#d624983f3e2c5e0b55307c3dd6c86acd737622c6"
  integrity sha512-+Zw5lu0D9tvBMjGP8LpvMb0u2WW2QV3y+D8mO6J+cNzCYIN4sVy43Bf9vl92nqFahutN0I8zHa7cc4vihIshnw==

tsutils@2.27.2:
  version "2.27.2"
  resolved "https://registry.yarnpkg.com/tsutils/-/tsutils-2.27.2.tgz#60ba88a23d6f785ec4b89c6e8179cac9b431f1c7"
  integrity sha512-qf6rmT84TFMuxAKez2pIfR8UCai49iQsfB7YWVjV1bKpy/d0PWT5rEOSM6La9PiHZ0k1RRZQiwVdVJfQ3BPHgg==
  dependencies:
    tslib "^1.8.1"

typescript@^3.9.2:
  version "3.9.7"
  resolved "https://registry.yarnpkg.com/typescript/-/typescript-3.9.7.tgz#98d600a5ebdc38f40cb277522f12dc800e9e25fa"
  integrity sha512-BLbiRkiBzAwsjut4x/dsibSTB6yWpwT5qWmC2OfuCg3GgVQCSgMs4vEctYPhsaGtd0AeuuHMkjZ2h2WG8MSzRw==
